
Microsoft Visual Studio Solution File, Format Version 12.00
# Visual Studio Version 16
VisualStudioVersion = 16.0.29102.190
MinimumVisualStudioVersion = 10.0.40219.1
Project("{FAE04EC0-301F-11D3-BF4B-00C04F79EFBC}") = "QxHOrderSystem", "QxHOrderSystem\QxHOrderSystem.csproj", "{210C122B-E038-4A00-8AA8-39DD75122EFD}"
EndProject
Global
	GlobalSection(SolutionConfigurationPlatforms) = preSolution
		Debug|Any CPU = Debug|Any CPU
		Release|Any CPU = Release|Any CPU
	EndGlobalSection
	GlobalSection(ProjectConfigurationPlatforms) = postSolution
		{210C122B-E038-4A00-8AA8-39DD75122EFD}.Debug|Any CPU.ActiveCfg = Debug|Any CPU
		{210C122B-E038-4A00-8AA8-39DD75122EFD}.Debug|Any CPU.Build.0 = Debug|Any CPU
		{210C122B-E038-4A00-8AA8-39DD75122EFD}.Release|Any CPU.ActiveCfg = Release|Any CPU
		{210C122B-E038-4A00-8AA8-39DD75122EFD}.Release|Any CPU.Build.0 = Release|Any CPU
	EndGlobalSection
	GlobalSection(SolutionProperties) = preSolution
		HideSolutionNode = FALSE
	EndGlobalSection
	GlobalSection(ExtensibilityGlobals) = postSolution
		SolutionGuid = {61D7FA21-A81F-4883-8F80-17820D6E3268}
	EndGlobalSection
EndGlobal
