
Microsoft Visual Studio Solution File, Format Version 12.00
# Visual Studio Version 16
VisualStudioVersion = 16.0.29201.188
MinimumVisualStudioVersion = 10.0.40219.1
Project("{FAE04EC0-301F-11D3-BF4B-00C04F79EFBC}") = "QxHAPI", "QxHAPI\QxHAPI.csproj", "{228763F0-293C-4A43-AEFB-5C8F91FED6A5}"
EndProject
Global
	GlobalSection(SolutionConfigurationPlatforms) = preSolution
		Debug|Any CPU = Debug|Any CPU
		Release|Any CPU = Release|Any CPU
	EndGlobalSection
	GlobalSection(ProjectConfigurationPlatforms) = postSolution
		{228763F0-293C-4A43-AEFB-5C8F91FED6A5}.Debug|Any CPU.ActiveCfg = Debug|Any CPU
		{228763F0-293C-4A43-AEFB-5C8F91FED6A5}.Debug|Any CPU.Build.0 = Debug|Any CPU
		{228763F0-293C-4A43-AEFB-5C8F91FED6A5}.Release|Any CPU.ActiveCfg = Release|Any CPU
		{228763F0-293C-4A43-AEFB-5C8F91FED6A5}.Release|Any CPU.Build.0 = Release|Any CPU
	EndGlobalSection
	GlobalSection(SolutionProperties) = preSolution
		HideSolutionNode = FALSE
	EndGlobalSection
	GlobalSection(ExtensibilityGlobals) = postSolution
		SolutionGuid = {6BD74A36-2B90-486F-8BF6-44D84864EB55}
	EndGlobalSection
EndGlobal
